// !$*UTF8*$!
{
	archiveVersion = 1;
	classes = {
	};
	objectVersion = 56;
	objects = {

/* Begin PBXBuildFile section */
		1128ECBB2B9864F200CEAF53 /* AppDelegate.swift in Sources */ = {isa = PBXBuildFile; fileRef = 1128ECBA2B9864F200CEAF53 /* AppDelegate.swift */; };
		1128ECBD2B9864F200CEAF53 /* SceneDelegate.swift in Sources */ = {isa = PBXBuildFile; fileRef = 1128ECBC2B9864F200CEAF53 /* SceneDelegate.swift */; };
		1128ECBF2B9864F200CEAF53 /* LoginViewController.swift in Sources */ = {isa = PBXBuildFile; fileRef = 1128ECBE2B9864F200CEAF53 /* LoginViewController.swift */; };
		1128ECC42B9864F400CEAF53 /* Assets.xcassets in Resources */ = {isa = PBXBuildFile; fileRef = 1128ECC32B9864F400CEAF53 /* Assets.xcassets */; };
		1128ECC72B9864F400CEAF53 /* Base in Resources */ = {isa = PBXBuildFile; fileRef = 1128ECC62B9864F400CEAF53 /* Base */; };
		1128ECD12B9867F000CEAF53 /* LoginView.swift in Sources */ = {isa = PBXBuildFile; fileRef = 1128ECD02B9867F000CEAF53 /* LoginView.swift */; };
		112DAABE2B9EC4C7006A8E75 /* LocalState.swift in Sources */ = {isa = PBXBuildFile; fileRef = 112DAABD2B9EC4C7006A8E75 /* LocalState.swift */; };
		112DAAC02B9ED922006A8E75 /* UIViewController+Utils.swift in Sources */ = {isa = PBXBuildFile; fileRef = 112DAABF2B9ED922006A8E75 /* UIViewController+Utils.swift */; };
		112DAAC22B9EDAE4006A8E75 /* MainViewController.swift in Sources */ = {isa = PBXBuildFile; fileRef = 112DAAC12B9EDAE4006A8E75 /* MainViewController.swift */; };
		112DAAC52B9F0A30006A8E75 /* AccountSummaryViewController.swift in Sources */ = {isa = PBXBuildFile; fileRef = 112DAAC42B9F0A30006A8E75 /* AccountSummaryViewController.swift */; };
		112DAAC72B9F14AF006A8E75 /* AccountSummaryHeaderView.swift in Sources */ = {isa = PBXBuildFile; fileRef = 112DAAC62B9F14AF006A8E75 /* AccountSummaryHeaderView.swift */; };
		112DAAC92B9F14F4006A8E75 /* AccountSummaryHeaderView.xib in Resources */ = {isa = PBXBuildFile; fileRef = 112DAAC82B9F14F4006A8E75 /* AccountSummaryHeaderView.xib */; };
		114CB7852B98AF3C0024DD2C /* OnboardingContainerViewController.swift in Sources */ = {isa = PBXBuildFile; fileRef = 114CB7842B98AF3C0024DD2C /* OnboardingContainerViewController.swift */; };
		115A8EA52B9D8B730019666F /* LogoutViewController.swift in Sources */ = {isa = PBXBuildFile; fileRef = 115A8EA42B9D8B730019666F /* LogoutViewController.swift */; };
		116E8E782BA15D2B00F2A2DE /* CurrencyFormatterTests.swift in Sources */ = {isa = PBXBuildFile; fileRef = 116E8E772BA15D2B00F2A2DE /* CurrencyFormatterTests.swift */; };
		11C2AB052BA0A3B300A79803 /* DecimalUtil.swift in Sources */ = {isa = PBXBuildFile; fileRef = 11C2AB042BA0A3B300A79803 /* DecimalUtil.swift */; };
		11C2AB072BA0A3F500A79803 /* CurrencyFormatter.swift in Sources */ = {isa = PBXBuildFile; fileRef = 11C2AB062BA0A3F500A79803 /* CurrencyFormatter.swift */; };
		11E4E4B82BA02BD30006B82B /* AccountSummaryCell.swift in Sources */ = {isa = PBXBuildFile; fileRef = 11E4E4B72BA02BD30006B82B /* AccountSummaryCell.swift */; };
		11E5317B2BA1AD4A00301AC5 /* NSNotificationName.swift in Sources */ = {isa = PBXBuildFile; fileRef = 11E5317A2BA1AD4A00301AC5 /* NSNotificationName.swift */; };
		11E5317D2BA1AF1E00301AC5 /* UITextField+SecureToggle.swift in Sources */ = {isa = PBXBuildFile; fileRef = 11E5317C2BA1AF1E00301AC5 /* UITextField+SecureToggle.swift */; };
		11EA8C182B9ACE4D00FA388B /* OnboardingViewController.swift in Sources */ = {isa = PBXBuildFile; fileRef = 11EA8C172B9ACE4D00FA388B /* OnboardingViewController.swift */; };
/* End PBXBuildFile section */

/* Begin PBXContainerItemProxy section */
		116E8E722BA1565B00F2A2DE /* PBXContainerItemProxy */ = {
			isa = PBXContainerItemProxy;
			containerPortal = 1128ECAF2B9864F200CEAF53 /* Project object */;
			proxyType = 1;
			remoteGlobalIDString = 1128ECB62B9864F200CEAF53;
			remoteInfo = Wallet;
		};
/* End PBXContainerItemProxy section */

/* Begin PBXFileReference section */
		1128ECB72B9864F200CEAF53 /* Wallet.app */ = {isa = PBXFileReference; explicitFileType = wrapper.application; includeInIndex = 0; path = Wallet.app; sourceTree = BUILT_PRODUCTS_DIR; };
		1128ECBA2B9864F200CEAF53 /* AppDelegate.swift */ = {isa = PBXFileReference; lastKnownFileType = sourcecode.swift; path = AppDelegate.swift; sourceTree = "<group>"; };
		1128ECBC2B9864F200CEAF53 /* SceneDelegate.swift */ = {isa = PBXFileReference; lastKnownFileType = sourcecode.swift; path = SceneDelegate.swift; sourceTree = "<group>"; };
		1128ECBE2B9864F200CEAF53 /* LoginViewController.swift */ = {isa = PBXFileReference; lastKnownFileType = sourcecode.swift; path = LoginViewController.swift; sourceTree = "<group>"; };
		1128ECC32B9864F400CEAF53 /* Assets.xcassets */ = {isa = PBXFileReference; lastKnownFileType = folder.assetcatalog; path = Assets.xcassets; sourceTree = "<group>"; };
		1128ECC62B9864F400CEAF53 /* Base */ = {isa = PBXFileReference; lastKnownFileType = file.storyboard; name = Base; path = Base.lproj/LaunchScreen.storyboard; sourceTree = "<group>"; };
		1128ECC82B9864F400CEAF53 /* Info.plist */ = {isa = PBXFileReference; lastKnownFileType = text.plist.xml; path = Info.plist; sourceTree = "<group>"; };
		1128ECD02B9867F000CEAF53 /* LoginView.swift */ = {isa = PBXFileReference; lastKnownFileType = sourcecode.swift; path = LoginView.swift; sourceTree = "<group>"; };
		112DAABD2B9EC4C7006A8E75 /* LocalState.swift */ = {isa = PBXFileReference; lastKnownFileType = sourcecode.swift; path = LocalState.swift; sourceTree = "<group>"; };
		112DAABF2B9ED922006A8E75 /* UIViewController+Utils.swift */ = {isa = PBXFileReference; lastKnownFileType = sourcecode.swift; path = "UIViewController+Utils.swift"; sourceTree = "<group>"; };
		112DAAC12B9EDAE4006A8E75 /* MainViewController.swift */ = {isa = PBXFileReference; lastKnownFileType = sourcecode.swift; path = MainViewController.swift; sourceTree = "<group>"; };
		112DAAC42B9F0A30006A8E75 /* AccountSummaryViewController.swift */ = {isa = PBXFileReference; lastKnownFileType = sourcecode.swift; path = AccountSummaryViewController.swift; sourceTree = "<group>"; };
		112DAAC62B9F14AF006A8E75 /* AccountSummaryHeaderView.swift */ = {isa = PBXFileReference; lastKnownFileType = sourcecode.swift; path = AccountSummaryHeaderView.swift; sourceTree = "<group>"; };
		112DAAC82B9F14F4006A8E75 /* AccountSummaryHeaderView.xib */ = {isa = PBXFileReference; lastKnownFileType = file.xib; path = AccountSummaryHeaderView.xib; sourceTree = "<group>"; };
		114CB7842B98AF3C0024DD2C /* OnboardingContainerViewController.swift */ = {isa = PBXFileReference; lastKnownFileType = sourcecode.swift; path = OnboardingContainerViewController.swift; sourceTree = "<group>"; };
		115A8EA42B9D8B730019666F /* LogoutViewController.swift */ = {isa = PBXFileReference; lastKnownFileType = sourcecode.swift; path = LogoutViewController.swift; sourceTree = "<group>"; };
		116E8E6E2BA1565B00F2A2DE /* WalletUnitTests.xctest */ = {isa = PBXFileReference; explicitFileType = wrapper.cfbundle; includeInIndex = 0; path = WalletUnitTests.xctest; sourceTree = BUILT_PRODUCTS_DIR; };
		116E8E772BA15D2B00F2A2DE /* CurrencyFormatterTests.swift */ = {isa = PBXFileReference; lastKnownFileType = sourcecode.swift; path = CurrencyFormatterTests.swift; sourceTree = "<group>"; };
		11C2AB042BA0A3B300A79803 /* DecimalUtil.swift */ = {isa = PBXFileReference; lastKnownFileType = sourcecode.swift; path = DecimalUtil.swift; sourceTree = "<group>"; };
		11C2AB062BA0A3F500A79803 /* CurrencyFormatter.swift */ = {isa = PBXFileReference; lastKnownFileType = sourcecode.swift; path = CurrencyFormatter.swift; sourceTree = "<group>"; };
		11E4E4B72BA02BD30006B82B /* AccountSummaryCell.swift */ = {isa = PBXFileReference; lastKnownFileType = sourcecode.swift; path = AccountSummaryCell.swift; sourceTree = "<group>"; };
		11E5317A2BA1AD4A00301AC5 /* NSNotificationName.swift */ = {isa = PBXFileReference; lastKnownFileType = sourcecode.swift; path = NSNotificationName.swift; sourceTree = "<group>"; };
		11E5317C2BA1AF1E00301AC5 /* UITextField+SecureToggle.swift */ = {isa = PBXFileReference; lastKnownFileType = sourcecode.swift; path = "UITextField+SecureToggle.swift"; sourceTree = "<group>"; };
		11EA8C172B9ACE4D00FA388B /* OnboardingViewController.swift */ = {isa = PBXFileReference; lastKnownFileType = sourcecode.swift; path = OnboardingViewController.swift; sourceTree = "<group>"; };
/* End PBXFileReference section */

/* Begin PBXFrameworksBuildPhase section */
		1128ECB42B9864F200CEAF53 /* Frameworks */ = {
			isa = PBXFrameworksBuildPhase;
			buildActionMask = 2147483647;
			files = (
			);
			runOnlyForDeploymentPostprocessing = 0;
		};
		116E8E6B2BA1565B00F2A2DE /* Frameworks */ = {
			isa = PBXFrameworksBuildPhase;
			buildActionMask = 2147483647;
			files = (
			);
			runOnlyForDeploymentPostprocessing = 0;
		};
/* End PBXFrameworksBuildPhase section */

/* Begin PBXGroup section */
		1128ECAE2B9864F200CEAF53 = {
			isa = PBXGroup;
			children = (
				1128ECB92B9864F200CEAF53 /* Wallet */,
				116E8E6F2BA1565B00F2A2DE /* WalletUnitTests */,
				1128ECB82B9864F200CEAF53 /* Products */,
			);
			sourceTree = "<group>";
		};
		1128ECB82B9864F200CEAF53 /* Products */ = {
			isa = PBXGroup;
			children = (
				1128ECB72B9864F200CEAF53 /* Wallet.app */,
				116E8E6E2BA1565B00F2A2DE /* WalletUnitTests.xctest */,
			);
			name = Products;
			sourceTree = "<group>";
		};
		1128ECB92B9864F200CEAF53 /* Wallet */ = {
			isa = PBXGroup;
			children = (
				1128ECBC2B9864F200CEAF53 /* SceneDelegate.swift */,
				1128ECBA2B9864F200CEAF53 /* AppDelegate.swift */,
				112DAAC12B9EDAE4006A8E75 /* MainViewController.swift */,
				1128ECCF2B9867C300CEAF53 /* Login */,
				114CB7832B98AF110024DD2C /* Onboarding */,
				112DAAC32B9F09FF006A8E75 /* AccountSummary */,
				112DAABC2B9EC4AF006A8E75 /* Utils */,
				1128ECCE2B98672600CEAF53 /* Files */,
			);
			path = Wallet;
			sourceTree = "<group>";
		};
		1128ECCE2B98672600CEAF53 /* Files */ = {
			isa = PBXGroup;
			children = (
				1128ECC32B9864F400CEAF53 /* Assets.xcassets */,
				1128ECC52B9864F400CEAF53 /* LaunchScreen.storyboard */,
				1128ECC82B9864F400CEAF53 /* Info.plist */,
			);
			name = Files;
			sourceTree = "<group>";
		};
		1128ECCF2B9867C300CEAF53 /* Login */ = {
			isa = PBXGroup;
			children = (
				1128ECBE2B9864F200CEAF53 /* LoginViewController.swift */,
				1128ECD02B9867F000CEAF53 /* LoginView.swift */,
				115A8EA42B9D8B730019666F /* LogoutViewController.swift */,
			);
			path = Login;
			sourceTree = "<group>";
		};
		112DAABC2B9EC4AF006A8E75 /* Utils */ = {
			isa = PBXGroup;
			children = (
				112DAABD2B9EC4C7006A8E75 /* LocalState.swift */,
				112DAABF2B9ED922006A8E75 /* UIViewController+Utils.swift */,
				11C2AB042BA0A3B300A79803 /* DecimalUtil.swift */,
				11C2AB062BA0A3F500A79803 /* CurrencyFormatter.swift */,
				11E5317A2BA1AD4A00301AC5 /* NSNotificationName.swift */,
				11E5317C2BA1AF1E00301AC5 /* UITextField+SecureToggle.swift */,
			);
			path = Utils;
			sourceTree = "<group>";
		};
		112DAAC32B9F09FF006A8E75 /* AccountSummary */ = {
			isa = PBXGroup;
			children = (
				112DAAC42B9F0A30006A8E75 /* AccountSummaryViewController.swift */,
				11E4E4B52BA02B3D0006B82B /* Header */,
				11E4E4B62BA02B670006B82B /* Cells */,
			);
			path = AccountSummary;
			sourceTree = "<group>";
		};
		114CB7832B98AF110024DD2C /* Onboarding */ = {
			isa = PBXGroup;
			children = (
				114CB7842B98AF3C0024DD2C /* OnboardingContainerViewController.swift */,
				11EA8C172B9ACE4D00FA388B /* OnboardingViewController.swift */,
			);
			path = Onboarding;
			sourceTree = "<group>";
		};
		116E8E6F2BA1565B00F2A2DE /* WalletUnitTests */ = {
			isa = PBXGroup;
			children = (
				116E8E772BA15D2B00F2A2DE /* CurrencyFormatterTests.swift */,
			);
			path = WalletUnitTests;
			sourceTree = "<group>";
		};
		11E4E4B52BA02B3D0006B82B /* Header */ = {
			isa = PBXGroup;
			children = (
				112DAAC62B9F14AF006A8E75 /* AccountSummaryHeaderView.swift */,
				112DAAC82B9F14F4006A8E75 /* AccountSummaryHeaderView.xib */,
			);
			path = Header;
			sourceTree = "<group>";
		};
		11E4E4B62BA02B670006B82B /* Cells */ = {
			isa = PBXGroup;
			children = (
				11E4E4B72BA02BD30006B82B /* AccountSummaryCell.swift */,
			);
			path = Cells;
			sourceTree = "<group>";
		};
/* End PBXGroup section */

/* Begin PBXNativeTarget section */
		1128ECB62B9864F200CEAF53 /* Wallet */ = {
			isa = PBXNativeTarget;
			buildConfigurationList = 1128ECCB2B9864F400CEAF53 /* Build configuration list for PBXNativeTarget "Wallet" */;
			buildPhases = (
				1128ECB32B9864F200CEAF53 /* Sources */,
				1128ECB42B9864F200CEAF53 /* Frameworks */,
				1128ECB52B9864F200CEAF53 /* Resources */,
			);
			buildRules = (
			);
			dependencies = (
			);
			name = Wallet;
			productName = Wallet;
			productReference = 1128ECB72B9864F200CEAF53 /* Wallet.app */;
			productType = "com.apple.product-type.application";
		};
		116E8E6D2BA1565B00F2A2DE /* WalletUnitTests */ = {
			isa = PBXNativeTarget;
			buildConfigurationList = 116E8E762BA1565B00F2A2DE /* Build configuration list for PBXNativeTarget "WalletUnitTests" */;
			buildPhases = (
				116E8E6A2BA1565B00F2A2DE /* Sources */,
				116E8E6B2BA1565B00F2A2DE /* Frameworks */,
				116E8E6C2BA1565B00F2A2DE /* Resources */,
			);
			buildRules = (
			);
			dependencies = (
				116E8E732BA1565B00F2A2DE /* PBXTargetDependency */,
			);
			name = WalletUnitTests;
			productName = WalletUnitTests;
			productReference = 116E8E6E2BA1565B00F2A2DE /* WalletUnitTests.xctest */;
			productType = "com.apple.product-type.bundle.unit-test";
		};
/* End PBXNativeTarget section */

/* Begin PBXProject section */
		1128ECAF2B9864F200CEAF53 /* Project object */ = {
			isa = PBXProject;
			attributes = {
				BuildIndependentTargetsInParallel = 1;
				LastSwiftUpdateCheck = 1530;
				LastUpgradeCheck = 1530;
				TargetAttributes = {
					1128ECB62B9864F200CEAF53 = {
						CreatedOnToolsVersion = 15.3;
					};
					116E8E6D2BA1565B00F2A2DE = {
						CreatedOnToolsVersion = 15.3;
						LastSwiftMigration = 1530;
						TestTargetID = 1128ECB62B9864F200CEAF53;
					};
				};
			};
			buildConfigurationList = 1128ECB22B9864F200CEAF53 /* Build configuration list for PBXProject "Wallet" */;
			compatibilityVersion = "Xcode 14.0";
			developmentRegion = en;
			hasScannedForEncodings = 0;
			knownRegions = (
				en,
				Base,
			);
			mainGroup = 1128ECAE2B9864F200CEAF53;
			productRefGroup = 1128ECB82B9864F200CEAF53 /* Products */;
			projectDirPath = "";
			projectRoot = "";
			targets = (
				1128ECB62B9864F200CEAF53 /* Wallet */,
				116E8E6D2BA1565B00F2A2DE /* WalletUnitTests */,
			);
		};
/* End PBXProject section */

/* Begin PBXResourcesBuildPhase section */
		1128ECB52B9864F200CEAF53 /* Resources */ = {
			isa = PBXResourcesBuildPhase;
			buildActionMask = 2147483647;
			files = (
				112DAAC92B9F14F4006A8E75 /* AccountSummaryHeaderView.xib in Resources */,
				1128ECC42B9864F400CEAF53 /* Assets.xcassets in Resources */,
				1128ECC72B9864F400CEAF53 /* Base in Resources */,
			);
			runOnlyForDeploymentPostprocessing = 0;
		};
		116E8E6C2BA1565B00F2A2DE /* Resources */ = {
			isa = PBXResourcesBuildPhase;
			buildActionMask = 2147483647;
			files = (
			);
			runOnlyForDeploymentPostprocessing = 0;
		};
/* End PBXResourcesBuildPhase section */

/* Begin PBXSourcesBuildPhase section */
		1128ECB32B9864F200CEAF53 /* Sources */ = {
			isa = PBXSourcesBuildPhase;
			buildActionMask = 2147483647;
			files = (
				112DAAC72B9F14AF006A8E75 /* AccountSummaryHeaderView.swift in Sources */,
				11E4E4B82BA02BD30006B82B /* AccountSummaryCell.swift in Sources */,
				1128ECBF2B9864F200CEAF53 /* LoginViewController.swift in Sources */,
				11EA8C182B9ACE4D00FA388B /* OnboardingViewController.swift in Sources */,
				11C2AB072BA0A3F500A79803 /* CurrencyFormatter.swift in Sources */,
				112DAAC02B9ED922006A8E75 /* UIViewController+Utils.swift in Sources */,
				1128ECBB2B9864F200CEAF53 /* AppDelegate.swift in Sources */,
				115A8EA52B9D8B730019666F /* LogoutViewController.swift in Sources */,
				1128ECD12B9867F000CEAF53 /* LoginView.swift in Sources */,
				114CB7852B98AF3C0024DD2C /* OnboardingContainerViewController.swift in Sources */,
				1128ECBD2B9864F200CEAF53 /* SceneDelegate.swift in Sources */,
				11E5317D2BA1AF1E00301AC5 /* UITextField+SecureToggle.swift in Sources */,
				112DAAC52B9F0A30006A8E75 /* AccountSummaryViewController.swift in Sources */,
				11E5317B2BA1AD4A00301AC5 /* NSNotificationName.swift in Sources */,
				11C2AB052BA0A3B300A79803 /* DecimalUtil.swift in Sources */,
				112DAABE2B9EC4C7006A8E75 /* LocalState.swift in Sources */,
				112DAAC22B9EDAE4006A8E75 /* MainViewController.swift in Sources */,
			);
			runOnlyForDeploymentPostprocessing = 0;
		};
		116E8E6A2BA1565B00F2A2DE /* Sources */ = {
			isa = PBXSourcesBuildPhase;
			buildActionMask = 2147483647;
			files = (
				116E8E782BA15D2B00F2A2DE /* CurrencyFormatterTests.swift in Sources */,
			);
			runOnlyForDeploymentPostprocessing = 0;
		};
/* End PBXSourcesBuildPhase section */

/* Begin PBXTargetDependency section */
		116E8E732BA1565B00F2A2DE /* PBXTargetDependency */ = {
			isa = PBXTargetDependency;
			target = 1128ECB62B9864F200CEAF53 /* Wallet */;
			targetProxy = 116E8E722BA1565B00F2A2DE /* PBXContainerItemProxy */;
		};
/* End PBXTargetDependency section */

/* Begin PBXVariantGroup section */
		1128ECC52B9864F400CEAF53 /* LaunchScreen.storyboard */ = {
			isa = PBXVariantGroup;
			children = (
				1128ECC62B9864F400CEAF53 /* Base */,
			);
			name = LaunchScreen.storyboard;
			sourceTree = "<group>";
		};
/* End PBXVariantGroup section */

/* Begin XCBuildConfiguration section */
		1128ECC92B9864F400CEAF53 /* Debug */ = {
			isa = XCBuildConfiguration;
			buildSettings = {
				ALWAYS_SEARCH_USER_PATHS = NO;
				ASSETCATALOG_COMPILER_GENERATE_SWIFT_ASSET_SYMBOL_EXTENSIONS = YES;
				CLANG_ANALYZER_NONNULL = YES;
				CLANG_ANALYZER_NUMBER_OBJECT_CONVERSION = YES_AGGRESSIVE;
				CLANG_CXX_LANGUAGE_STANDARD = "gnu++20";
				CLANG_ENABLE_MODULES = YES;
				CLANG_ENABLE_OBJC_ARC = YES;
				CLANG_ENABLE_OBJC_WEAK = YES;
				CLANG_WARN_BLOCK_CAPTURE_AUTORELEASING = YES;
				CLANG_WARN_BOOL_CONVERSION = YES;
				CLANG_WARN_COMMA = YES;
				CLANG_WARN_CONSTANT_CONVERSION = YES;
				CLANG_WARN_DEPRECATED_OBJC_IMPLEMENTATIONS = YES;
				CLANG_WARN_DIRECT_OBJC_ISA_USAGE = YES_ERROR;
				CLANG_WARN_DOCUMENTATION_COMMENTS = YES;
				CLANG_WARN_EMPTY_BODY = YES;
				CLANG_WARN_ENUM_CONVERSION = YES;
				CLANG_WARN_INFINITE_RECURSION = YES;
				CLANG_WARN_INT_CONVERSION = YES;
				CLANG_WARN_NON_LITERAL_NULL_CONVERSION = YES;
				CLANG_WARN_OBJC_IMPLICIT_RETAIN_SELF = YES;
				CLANG_WARN_OBJC_LITERAL_CONVERSION = YES;
				CLANG_WARN_OBJC_ROOT_CLASS = YES_ERROR;
				CLANG_WARN_QUOTED_INCLUDE_IN_FRAMEWORK_HEADER = YES;
				CLANG_WARN_RANGE_LOOP_ANALYSIS = YES;
				CLANG_WARN_STRICT_PROTOTYPES = YES;
				CLANG_WARN_SUSPICIOUS_MOVE = YES;
				CLANG_WARN_UNGUARDED_AVAILABILITY = YES_AGGRESSIVE;
				CLANG_WARN_UNREACHABLE_CODE = YES;
				CLANG_WARN__DUPLICATE_METHOD_MATCH = YES;
				COPY_PHASE_STRIP = NO;
				DEBUG_INFORMATION_FORMAT = dwarf;
				ENABLE_STRICT_OBJC_MSGSEND = YES;
				ENABLE_TESTABILITY = YES;
				ENABLE_USER_SCRIPT_SANDBOXING = YES;
				GCC_C_LANGUAGE_STANDARD = gnu17;
				GCC_DYNAMIC_NO_PIC = NO;
				GCC_NO_COMMON_BLOCKS = YES;
				GCC_OPTIMIZATION_LEVEL = 0;
				GCC_PREPROCESSOR_DEFINITIONS = (
					"DEBUG=1",
					"$(inherited)",
				);
				GCC_WARN_64_TO_32_BIT_CONVERSION = YES;
				GCC_WARN_ABOUT_RETURN_TYPE = YES_ERROR;
				GCC_WARN_UNDECLARED_SELECTOR = YES;
				GCC_WARN_UNINITIALIZED_AUTOS = YES_AGGRESSIVE;
				GCC_WARN_UNUSED_FUNCTION = YES;
				GCC_WARN_UNUSED_VARIABLE = YES;
				IPHONEOS_DEPLOYMENT_TARGET = 17.4;
				LOCALIZATION_PREFERS_STRING_CATALOGS = YES;
				MTL_ENABLE_DEBUG_INFO = INCLUDE_SOURCE;
				MTL_FAST_MATH = YES;
				ONLY_ACTIVE_ARCH = YES;
				SDKROOT = iphoneos;
				SWIFT_ACTIVE_COMPILATION_CONDITIONS = "DEBUG $(inherited)";
				SWIFT_OPTIMIZATION_LEVEL = "-Onone";
			};
			name = Debug;
		};
		1128ECCA2B9864F400CEAF53 /* Release */ = {
			isa = XCBuildConfiguration;
			buildSettings = {
				ALWAYS_SEARCH_USER_PATHS = NO;
				ASSETCATALOG_COMPILER_GENERATE_SWIFT_ASSET_SYMBOL_EXTENSIONS = YES;
				CLANG_ANALYZER_NONNULL = YES;
				CLANG_ANALYZER_NUMBER_OBJECT_CONVERSION = YES_AGGRESSIVE;
				CLANG_CXX_LANGUAGE_STANDARD = "gnu++20";
				CLANG_ENABLE_MODULES = YES;
				CLANG_ENABLE_OBJC_ARC = YES;
				CLANG_ENABLE_OBJC_WEAK = YES;
				CLANG_WARN_BLOCK_CAPTURE_AUTORELEASING = YES;
				CLANG_WARN_BOOL_CONVERSION = YES;
				CLANG_WARN_COMMA = YES;
				CLANG_WARN_CONSTANT_CONVERSION = YES;
				CLANG_WARN_DEPRECATED_OBJC_IMPLEMENTATIONS = YES;
				CLANG_WARN_DIRECT_OBJC_ISA_USAGE = YES_ERROR;
				CLANG_WARN_DOCUMENTATION_COMMENTS = YES;
				CLANG_WARN_EMPTY_BODY = YES;
				CLANG_WARN_ENUM_CONVERSION = YES;
				CLANG_WARN_INFINITE_RECURSION = YES;
				CLANG_WARN_INT_CONVERSION = YES;
				CLANG_WARN_NON_LITERAL_NULL_CONVERSION = YES;
				CLANG_WARN_OBJC_IMPLICIT_RETAIN_SELF = YES;
				CLANG_WARN_OBJC_LITERAL_CONVERSION = YES;
				CLANG_WARN_OBJC_ROOT_CLASS = YES_ERROR;
				CLANG_WARN_QUOTED_INCLUDE_IN_FRAMEWORK_HEADER = YES;
				CLANG_WARN_RANGE_LOOP_ANALYSIS = YES;
				CLANG_WARN_STRICT_PROTOTYPES = YES;
				CLANG_WARN_SUSPICIOUS_MOVE = YES;
				CLANG_WARN_UNGUARDED_AVAILABILITY = YES_AGGRESSIVE;
				CLANG_WARN_UNREACHABLE_CODE = YES;
				CLANG_WARN__DUPLICATE_METHOD_MATCH = YES;
				COPY_PHASE_STRIP = NO;
				DEBUG_INFORMATION_FORMAT = "dwarf-with-dsym";
				ENABLE_NS_ASSERTIONS = NO;
				ENABLE_STRICT_OBJC_MSGSEND = YES;
				ENABLE_USER_SCRIPT_SANDBOXING = YES;
				GCC_C_LANGUAGE_STANDARD = gnu17;
				GCC_NO_COMMON_BLOCKS = YES;
				GCC_WARN_64_TO_32_BIT_CONVERSION = YES;
				GCC_WARN_ABOUT_RETURN_TYPE = YES_ERROR;
				GCC_WARN_UNDECLARED_SELECTOR = YES;
				GCC_WARN_UNINITIALIZED_AUTOS = YES_AGGRESSIVE;
				GCC_WARN_UNUSED_FUNCTION = YES;
				GCC_WARN_UNUSED_VARIABLE = YES;
				IPHONEOS_DEPLOYMENT_TARGET = 17.4;
				LOCALIZATION_PREFERS_STRING_CATALOGS = YES;
				MTL_ENABLE_DEBUG_INFO = NO;
				MTL_FAST_MATH = YES;
				SDKROOT = iphoneos;
				SWIFT_COMPILATION_MODE = wholemodule;
				VALIDATE_PRODUCT = YES;
			};
			name = Release;
		};
		1128ECCC2B9864F400CEAF53 /* Debug */ = {
			isa = XCBuildConfiguration;
			buildSettings = {
				ASSETCATALOG_COMPILER_APPICON_NAME = AppIcon;
				ASSETCATALOG_COMPILER_GLOBAL_ACCENT_COLOR_NAME = AccentColor;
				CODE_SIGN_STYLE = Automatic;
				CURRENT_PROJECT_VERSION = 1;
				DEVELOPMENT_TEAM = ZND9UY63YW;
				GENERATE_INFOPLIST_FILE = YES;
				INFOPLIST_FILE = Wallet/Info.plist;
				INFOPLIST_KEY_UIApplicationSupportsIndirectInputEvents = YES;
				INFOPLIST_KEY_UILaunchStoryboardName = LaunchScreen;
				INFOPLIST_KEY_UISupportedInterfaceOrientations_iPad = "UIInterfaceOrientationPortrait UIInterfaceOrientationPortraitUpsideDown UIInterfaceOrientationLandscapeLeft UIInterfaceOrientationLandscapeRight";
				INFOPLIST_KEY_UISupportedInterfaceOrientations_iPhone = "UIInterfaceOrientationPortrait UIInterfaceOrientationLandscapeLeft UIInterfaceOrientationLandscapeRight";
				LD_RUNPATH_SEARCH_PATHS = (
					"$(inherited)",
					"@executable_path/Frameworks",
				);
				MARKETING_VERSION = 1.0;
				PRODUCT_BUNDLE_IDENTIFIER = com.Rakesh.Wallet.Wallet;
				PRODUCT_NAME = "$(TARGET_NAME)";
				SWIFT_EMIT_LOC_STRINGS = YES;
				SWIFT_VERSION = 5.0;
				TARGETED_DEVICE_FAMILY = "1,2";
			};
			name = Debug;
		};
		1128ECCD2B9864F400CEAF53 /* Release */ = {
			isa = XCBuildConfiguration;
			buildSettings = {
				ASSETCATALOG_COMPILER_APPICON_NAME = AppIcon;
				ASSETCATALOG_COMPILER_GLOBAL_ACCENT_COLOR_NAME = AccentColor;
				CODE_SIGN_STYLE = Automatic;
				CURRENT_PROJECT_VERSION = 1;
				DEVELOPMENT_TEAM = ZND9UY63YW;
				GENERATE_INFOPLIST_FILE = YES;
				INFOPLIST_FILE = Wallet/Info.plist;
				INFOPLIST_KEY_UIApplicationSupportsIndirectInputEvents = YES;
				INFOPLIST_KEY_UILaunchStoryboardName = LaunchScreen;
				INFOPLIST_KEY_UISupportedInterfaceOrientations_iPad = "UIInterfaceOrientationPortrait UIInterfaceOrientationPortraitUpsideDown UIInterfaceOrientationLandscapeLeft UIInterfaceOrientationLandscapeRight";
				INFOPLIST_KEY_UISupportedInterfaceOrientations_iPhone = "UIInterfaceOrientationPortrait UIInterfaceOrientationLandscapeLeft UIInterfaceOrientationLandscapeRight";
				LD_RUNPATH_SEARCH_PATHS = (
					"$(inherited)",
					"@executable_path/Frameworks",
				);
				MARKETING_VERSION = 1.0;
				PRODUCT_BUNDLE_IDENTIFIER = com.Rakesh.Wallet.Wallet;
				PRODUCT_NAME = "$(TARGET_NAME)";
				SWIFT_EMIT_LOC_STRINGS = YES;
				SWIFT_VERSION = 5.0;
				TARGETED_DEVICE_FAMILY = "1,2";
			};
			name = Release;
		};
		116E8E742BA1565B00F2A2DE /* Debug */ = {
			isa = XCBuildConfiguration;
			buildSettings = {
				BUNDLE_LOADER = "$(TEST_HOST)";
				CLANG_ENABLE_MODULES = YES;
				CODE_SIGN_STYLE = Automatic;
				CURRENT_PROJECT_VERSION = 1;
				DEVELOPMENT_TEAM = ZND9UY63YW;
				GENERATE_INFOPLIST_FILE = YES;
				MARKETING_VERSION = 1.0;
				PRODUCT_BUNDLE_IDENTIFIER = com.Rakesh.Wallet.WalletUnitTests;
				PRODUCT_NAME = "$(TARGET_NAME)";
				SWIFT_EMIT_LOC_STRINGS = NO;
				SWIFT_OPTIMIZATION_LEVEL = "-Onone";
				SWIFT_VERSION = 5.0;
				TARGETED_DEVICE_FAMILY = "1,2";
				TEST_HOST = "$(BUILT_PRODUCTS_DIR)/Wallet.app/$(BUNDLE_EXECUTABLE_FOLDER_PATH)/Wallet";
			};
			name = Debug;
		};
		116E8E752BA1565B00F2A2DE /* Release */ = {
			isa = XCBuildConfiguration;
			buildSettings = {
				BUNDLE_LOADER = "$(TEST_HOST)";
				CLANG_ENABLE_MODULES = YES;
				CODE_SIGN_STYLE = Automatic;
				CURRENT_PROJECT_VERSION = 1;
				DEVELOPMENT_TEAM = ZND9UY63YW;
				GENERATE_INFOPLIST_FILE = YES;
				MARKETING_VERSION = 1.0;
				PRODUCT_BUNDLE_IDENTIFIER = com.Rakesh.Wallet.WalletUnitTests;
				PRODUCT_NAME = "$(TARGET_NAME)";
				SWIFT_EMIT_LOC_STRINGS = NO;
				SWIFT_VERSION = 5.0;
				TARGETED_DEVICE_FAMILY = "1,2";
				TEST_HOST = "$(BUILT_PRODUCTS_DIR)/Wallet.app/$(BUNDLE_EXECUTABLE_FOLDER_PATH)/Wallet";
			};
			name = Release;
		};
/* End XCBuildConfiguration section */

/* Begin XCConfigurationList section */
		1128ECB22B9864F200CEAF53 /* Build configuration list for PBXProject "Wallet" */ = {
			isa = XCConfigurationList;
			buildConfigurations = (
				1128ECC92B9864F400CEAF53 /* Debug */,
				1128ECCA2B9864F400CEAF53 /* Release */,
			);
			defaultConfigurationIsVisible = 0;
			defaultConfigurationName = Release;
		};
		1128ECCB2B9864F400CEAF53 /* Build configuration list for PBXNativeTarget "Wallet" */ = {
			isa = XCConfigurationList;
			buildConfigurations = (
				1128ECCC2B9864F400CEAF53 /* Debug */,
				1128ECCD2B9864F400CEAF53 /* Release */,
			);
			defaultConfigurationIsVisible = 0;
			defaultConfigurationName = Release;
		};
		116E8E762BA1565B00F2A2DE /* Build configuration list for PBXNativeTarget "WalletUnitTests" */ = {
			isa = XCConfigurationList;
			buildConfigurations = (
				116E8E742BA1565B00F2A2DE /* Debug */,
				116E8E752BA1565B00F2A2DE /* Release */,
			);
			defaultConfigurationIsVisible = 0;
			defaultConfigurationName = Release;
		};
/* End XCConfigurationList section */
	};
	rootObject = 1128ECAF2B9864F200CEAF53 /* Project object */;
}
